
Microsoft Visual Studio Solution File, Format Version 12.00
# Visual Studio Version 17
VisualStudioVersion = 17.6.33723.286
MinimumVisualStudioVersion = 10.0.40219.1
Project("{FAE04EC0-301F-11D3-BF4B-00C04F79EFBC}") = "MyFirstCalculator", "MyFirstCalculator.csproj", "{F846A3AA-312A-4DF6-B4BF-10C0E18B2E0F}"
EndProject
Project("{FAE04EC0-301F-11D3-BF4B-00C04F79EFBC}") = "MyFirstCalculatorTests", "..\MyFirstCalculatorTests\MyFirstCalculatorTests.csproj", "{79BAE0F2-24B6-42BD-BC45-3151BB76334F}"
EndProject
Global
	GlobalSection(SolutionConfigurationPlatforms) = preSolution
		Debug|Any CPU = Debug|Any CPU
		Release|Any CPU = Release|Any CPU
	EndGlobalSection
	GlobalSection(ProjectConfigurationPlatforms) = postSolution
		{F846A3AA-312A-4DF6-B4BF-10C0E18B2E0F}.Debug|Any CPU.ActiveCfg = Debug|Any CPU
		{F846A3AA-312A-4DF6-B4BF-10C0E18B2E0F}.Debug|Any CPU.Build.0 = Debug|Any CPU
		{F846A3AA-312A-4DF6-B4BF-10C0E18B2E0F}.Release|Any CPU.ActiveCfg = Release|Any CPU
		{F846A3AA-312A-4DF6-B4BF-10C0E18B2E0F}.Release|Any CPU.Build.0 = Release|Any CPU
		{79BAE0F2-24B6-42BD-BC45-3151BB76334F}.Debug|Any CPU.ActiveCfg = Debug|Any CPU
		{79BAE0F2-24B6-42BD-BC45-3151BB76334F}.Debug|Any CPU.Build.0 = Debug|Any CPU
		{79BAE0F2-24B6-42BD-BC45-3151BB76334F}.Release|Any CPU.ActiveCfg = Release|Any CPU
		{79BAE0F2-24B6-42BD-BC45-3151BB76334F}.Release|Any CPU.Build.0 = Release|Any CPU
	EndGlobalSection
	GlobalSection(SolutionProperties) = preSolution
		HideSolutionNode = FALSE
	EndGlobalSection
	GlobalSection(ExtensibilityGlobals) = postSolution
		SolutionGuid = {F3118FD3-FFC3-4FBB-A8C1-92D4C479E252}
	EndGlobalSection
EndGlobal
